
Microsoft Visual Studio Solution File, Format Version 12.00
# Visual Studio Version 17
VisualStudioVersion = 17.8.34309.116
MinimumVisualStudioVersion = 10.0.40219.1
Project("{FAE04EC0-301F-11D3-BF4B-00C04F79EFBC}") = "C# Assignment 1", "C# Assignment 1\C# Assignment 1.csproj", "{0A27F429-690F-4CEF-A3AF-70A11E617905}"
EndProject
Global
	GlobalSection(SolutionConfigurationPlatforms) = preSolution
		Debug|Any CPU = Debug|Any CPU
		Release|Any CPU = Release|Any CPU
	EndGlobalSection
	GlobalSection(ProjectConfigurationPlatforms) = postSolution
		{0A27F429-690F-4CEF-A3AF-70A11E617905}.Debug|Any CPU.ActiveCfg = Debug|Any CPU
		{0A27F429-690F-4CEF-A3AF-70A11E617905}.Debug|Any CPU.Build.0 = Debug|Any CPU
		{0A27F429-690F-4CEF-A3AF-70A11E617905}.Release|Any CPU.ActiveCfg = Release|Any CPU
		{0A27F429-690F-4CEF-A3AF-70A11E617905}.Release|Any CPU.Build.0 = Release|Any CPU
	EndGlobalSection
	GlobalSection(SolutionProperties) = preSolution
		HideSolutionNode = FALSE
	EndGlobalSection
	GlobalSection(ExtensibilityGlobals) = postSolution
		SolutionGuid = {C3F32987-AC46-4622-9525-F1B9FE989451}
	EndGlobalSection
EndGlobal
